
Microsoft Visual Studio Solution File, Format Version 12.00
# Visual Studio Version 16
VisualStudioVersion = 16.0.30413.136
MinimumVisualStudioVersion = 10.0.40219.1
Project("{FAE04EC0-301F-11D3-BF4B-00C04F79EFBC}") = "DMC Generation System", "DMC Generation System.csproj", "{3F478291-8316-4BE0-9F77-67C1A0EAE7AA}"
EndProject
Global
	GlobalSection(SolutionConfigurationPlatforms) = preSolution
		Debug|Any CPU = Debug|Any CPU
		Release|Any CPU = Release|Any CPU
	EndGlobalSection
	GlobalSection(ProjectConfigurationPlatforms) = postSolution
		{3F478291-8316-4BE0-9F77-67C1A0EAE7AA}.Debug|Any CPU.ActiveCfg = Debug|Any CPU
		{3F478291-8316-4BE0-9F77-67C1A0EAE7AA}.Debug|Any CPU.Build.0 = Debug|Any CPU
		{3F478291-8316-4BE0-9F77-67C1A0EAE7AA}.Release|Any CPU.ActiveCfg = Release|Any CPU
		{3F478291-8316-4BE0-9F77-67C1A0EAE7AA}.Release|Any CPU.Build.0 = Release|Any CPU
	EndGlobalSection
	GlobalSection(SolutionProperties) = preSolution
		HideSolutionNode = FALSE
	EndGlobalSection
	GlobalSection(ExtensibilityGlobals) = postSolution
		SolutionGuid = {93223D96-F228-4C1D-A1FA-6547EA39E939}
	EndGlobalSection
EndGlobal
